// !$*UTF8*$!
{
	archiveVersion = 1;
	classes = {
	};
	objectVersion = 46;
	objects = {

/* Begin PBXBuildFile section */
		2D2D5A501B10EEEE00C46B53 /* main.m in Sources */ = {isa = PBXBuildFile; fileRef = 2D2D5A4F1B10EEEE00C46B53 /* main.m */; };
		2D2D5A531B10EEEE00C46B53 /* AppDelegate.m in Sources */ = {isa = PBXBuildFile; fileRef = 2D2D5A521B10EEEE00C46B53 /* AppDelegate.m */; };
		2D2D5A561B10EEEE00C46B53 /* TSGHomeViewController.m in Sources */ = {isa = PBXBuildFile; fileRef = 2D2D5A551B10EEEE00C46B53 /* TSGHomeViewController.m */; };
		2D2D5A5B1B10EEEE00C46B53 /* Images.xcassets in Resources */ = {isa = PBXBuildFile; fileRef = 2D2D5A5A1B10EEEE00C46B53 /* Images.xcassets */; };
		2D2D5A5E1B10EEEE00C46B53 /* LaunchScreen.xib in Resources */ = {isa = PBXBuildFile; fileRef = 2D2D5A5C1B10EEEE00C46B53 /* LaunchScreen.xib */; };
		2D2D5A771B10F02700C46B53 /* Objective-C.gitignore in Resources */ = {isa = PBXBuildFile; fileRef = 2D2D5A751B10F02700C46B53 /* Objective-C.gitignore */; };
		2D2D5A7B1B10F20E00C46B53 /* TSGHomeView.m in Sources */ = {isa = PBXBuildFile; fileRef = 2D2D5A7A1B10F20E00C46B53 /* TSGHomeView.m */; };
		2D2D5A7E1B10F8A200C46B53 /* CNLabel.m in Sources */ = {isa = PBXBuildFile; fileRef = 2D2D5A7D1B10F8A200C46B53 /* CNLabel.m */; };
		2D2D5A811B1104C300C46B53 /* TSGTouchableView.m in Sources */ = {isa = PBXBuildFile; fileRef = 2D2D5A801B1104C300C46B53 /* TSGTouchableView.m */; };
		2D2D5A841B11150500C46B53 /* TSGColorView.m in Sources */ = {isa = PBXBuildFile; fileRef = 2D2D5A831B11150500C46B53 /* TSGColorView.m */; };
		2D2D5A871B136ADC00C46B53 /* TSGInstructionView.m in Sources */ = {isa = PBXBuildFile; fileRef = 2D2D5A861B136ADC00C46B53 /* TSGInstructionView.m */; };
		2D2D5A8A1B13900700C46B53 /* TSGInstructionViewController.m in Sources */ = {isa = PBXBuildFile; fileRef = 2D2D5A891B13900700C46B53 /* TSGInstructionViewController.m */; };
		2D2D5A8D1B13A87100C46B53 /* TSGResultsView.m in Sources */ = {isa = PBXBuildFile; fileRef = 2D2D5A8C1B13A87100C46B53 /* TSGResultsView.m */; };
		2D2D5A901B14E98400C46B53 /* TSGResultsViewController.m in Sources */ = {isa = PBXBuildFile; fileRef = 2D2D5A8F1B14E98400C46B53 /* TSGResultsViewController.m */; };
		2D2D5A931B1634B600C46B53 /* TSGStatsView.m in Sources */ = {isa = PBXBuildFile; fileRef = 2D2D5A921B1634B600C46B53 /* TSGStatsView.m */; };
		2D2D5A961B16378900C46B53 /* TSGStatsViewController.m in Sources */ = {isa = PBXBuildFile; fileRef = 2D2D5A951B16378900C46B53 /* TSGStatsViewController.m */; };
		2D2D5A991B16698000C46B53 /* UIColor+TSGColorPresets.m in Sources */ = {isa = PBXBuildFile; fileRef = 2D2D5A981B16698000C46B53 /* UIColor+TSGColorPresets.m */; };
/* End PBXBuildFile section */

/* Begin PBXFileReference section */
		2D2D5A4A1B10EEEE00C46B53 /* Spectrum.app */ = {isa = PBXFileReference; explicitFileType = wrapper.application; includeInIndex = 0; path = Spectrum.app; sourceTree = BUILT_PRODUCTS_DIR; };
		2D2D5A4E1B10EEEE00C46B53 /* Info.plist */ = {isa = PBXFileReference; lastKnownFileType = text.plist.xml; path = Info.plist; sourceTree = "<group>"; };
		2D2D5A4F1B10EEEE00C46B53 /* main.m */ = {isa = PBXFileReference; lastKnownFileType = sourcecode.c.objc; path = main.m; sourceTree = "<group>"; };
		2D2D5A511B10EEEE00C46B53 /* AppDelegate.h */ = {isa = PBXFileReference; lastKnownFileType = sourcecode.c.h; path = AppDelegate.h; sourceTree = "<group>"; };
		2D2D5A521B10EEEE00C46B53 /* AppDelegate.m */ = {isa = PBXFileReference; lastKnownFileType = sourcecode.c.objc; path = AppDelegate.m; sourceTree = "<group>"; };
		2D2D5A541B10EEEE00C46B53 /* TSGHomeViewController.h */ = {isa = PBXFileReference; lastKnownFileType = sourcecode.c.h; path = TSGHomeViewController.h; sourceTree = "<group>"; };
		2D2D5A551B10EEEE00C46B53 /* TSGHomeViewController.m */ = {isa = PBXFileReference; lastKnownFileType = sourcecode.c.objc; path = TSGHomeViewController.m; sourceTree = "<group>"; };
		2D2D5A5A1B10EEEE00C46B53 /* Images.xcassets */ = {isa = PBXFileReference; lastKnownFileType = folder.assetcatalog; path = Images.xcassets; sourceTree = "<group>"; };
		2D2D5A5D1B10EEEE00C46B53 /* Base */ = {isa = PBXFileReference; lastKnownFileType = file.xib; name = Base; path = Base.lproj/LaunchScreen.xib; sourceTree = "<group>"; };
		2D2D5A751B10F02700C46B53 /* Objective-C.gitignore */ = {isa = PBXFileReference; fileEncoding = 4; lastKnownFileType = text; path = "Objective-C.gitignore"; sourceTree = "<group>"; };
		2D2D5A761B10F02700C46B53 /* README.md */ = {isa = PBXFileReference; fileEncoding = 4; lastKnownFileType = net.daringfireball.markdown; path = README.md; sourceTree = "<group>"; };
		2D2D5A791B10F20E00C46B53 /* TSGHomeView.h */ = {isa = PBXFileReference; fileEncoding = 4; lastKnownFileType = sourcecode.c.h; path = TSGHomeView.h; sourceTree = "<group>"; };
		2D2D5A7A1B10F20E00C46B53 /* TSGHomeView.m */ = {isa = PBXFileReference; fileEncoding = 4; lastKnownFileType = sourcecode.c.objc; path = TSGHomeView.m; sourceTree = "<group>"; };
		2D2D5A7C1B10F8A200C46B53 /* CNLabel.h */ = {isa = PBXFileReference; fileEncoding = 4; lastKnownFileType = sourcecode.c.h; path = CNLabel.h; sourceTree = "<group>"; };
		2D2D5A7D1B10F8A200C46B53 /* CNLabel.m */ = {isa = PBXFileReference; fileEncoding = 4; lastKnownFileType = sourcecode.c.objc; path = CNLabel.m; sourceTree = "<group>"; };
		2D2D5A7F1B1104C300C46B53 /* TSGTouchableView.h */ = {isa = PBXFileReference; fileEncoding = 4; lastKnownFileType = sourcecode.c.h; path = TSGTouchableView.h; sourceTree = "<group>"; };
		2D2D5A801B1104C300C46B53 /* TSGTouchableView.m */ = {isa = PBXFileReference; fileEncoding = 4; lastKnownFileType = sourcecode.c.objc; path = TSGTouchableView.m; sourceTree = "<group>"; };
		2D2D5A821B11150500C46B53 /* TSGColorView.h */ = {isa = PBXFileReference; fileEncoding = 4; lastKnownFileType = sourcecode.c.h; path = TSGColorView.h; sourceTree = "<group>"; };
		2D2D5A831B11150500C46B53 /* TSGColorView.m */ = {isa = PBXFileReference; fileEncoding = 4; lastKnownFileType = sourcecode.c.objc; path = TSGColorView.m; sourceTree = "<group>"; };
		2D2D5A851B136ADC00C46B53 /* TSGInstructionView.h */ = {isa = PBXFileReference; fileEncoding = 4; lastKnownFileType = sourcecode.c.h; path = TSGInstructionView.h; sourceTree = "<group>"; };
		2D2D5A861B136ADC00C46B53 /* TSGInstructionView.m */ = {isa = PBXFileReference; fileEncoding = 4; lastKnownFileType = sourcecode.c.objc; path = TSGInstructionView.m; sourceTree = "<group>"; };
		2D2D5A881B13900700C46B53 /* TSGInstructionViewController.h */ = {isa = PBXFileReference; fileEncoding = 4; lastKnownFileType = sourcecode.c.h; path = TSGInstructionViewController.h; sourceTree = "<group>"; };
		2D2D5A891B13900700C46B53 /* TSGInstructionViewController.m */ = {isa = PBXFileReference; fileEncoding = 4; lastKnownFileType = sourcecode.c.objc; path = TSGInstructionViewController.m; sourceTree = "<group>"; };
		2D2D5A8B1B13A87100C46B53 /* TSGResultsView.h */ = {isa = PBXFileReference; fileEncoding = 4; lastKnownFileType = sourcecode.c.h; path = TSGResultsView.h; sourceTree = "<group>"; };
		2D2D5A8C1B13A87100C46B53 /* TSGResultsView.m */ = {isa = PBXFileReference; fileEncoding = 4; lastKnownFileType = sourcecode.c.objc; path = TSGResultsView.m; sourceTree = "<group>"; };
		2D2D5A8E1B14E98400C46B53 /* TSGResultsViewController.h */ = {isa = PBXFileReference; fileEncoding = 4; lastKnownFileType = sourcecode.c.h; path = TSGResultsViewController.h; sourceTree = "<group>"; };
		2D2D5A8F1B14E98400C46B53 /* TSGResultsViewController.m */ = {isa = PBXFileReference; fileEncoding = 4; lastKnownFileType = sourcecode.c.objc; path = TSGResultsViewController.m; sourceTree = "<group>"; };
		2D2D5A911B1634B600C46B53 /* TSGStatsView.h */ = {isa = PBXFileReference; fileEncoding = 4; lastKnownFileType = sourcecode.c.h; path = TSGStatsView.h; sourceTree = "<group>"; };
		2D2D5A921B1634B600C46B53 /* TSGStatsView.m */ = {isa = PBXFileReference; fileEncoding = 4; lastKnownFileType = sourcecode.c.objc; path = TSGStatsView.m; sourceTree = "<group>"; };
		2D2D5A941B16378900C46B53 /* TSGStatsViewController.h */ = {isa = PBXFileReference; fileEncoding = 4; lastKnownFileType = sourcecode.c.h; path = TSGStatsViewController.h; sourceTree = "<group>"; };
		2D2D5A951B16378900C46B53 /* TSGStatsViewController.m */ = {isa = PBXFileReference; fileEncoding = 4; lastKnownFileType = sourcecode.c.objc; path = TSGStatsViewController.m; sourceTree = "<group>"; };
		2D2D5A971B16698000C46B53 /* UIColor+TSGColorPresets.h */ = {isa = PBXFileReference; fileEncoding = 4; lastKnownFileType = sourcecode.c.h; path = "UIColor+TSGColorPresets.h"; sourceTree = "<group>"; };
		2D2D5A981B16698000C46B53 /* UIColor+TSGColorPresets.m */ = {isa = PBXFileReference; fileEncoding = 4; lastKnownFileType = sourcecode.c.objc; path = "UIColor+TSGColorPresets.m"; sourceTree = "<group>"; };
/* End PBXFileReference section */

/* Begin PBXFrameworksBuildPhase section */
		2D2D5A471B10EEEE00C46B53 /* Frameworks */ = {
			isa = PBXFrameworksBuildPhase;
			buildActionMask = 2147483647;
			files = (
			);
			runOnlyForDeploymentPostprocessing = 0;
		};
/* End PBXFrameworksBuildPhase section */

/* Begin PBXGroup section */
		2D2D5A411B10EEEE00C46B53 = {
			isa = PBXGroup;
			children = (
				2D2D5A751B10F02700C46B53 /* Objective-C.gitignore */,
				2D2D5A761B10F02700C46B53 /* README.md */,
				2D2D5A4C1B10EEEE00C46B53 /* Spectrum */,
				2D2D5A4B1B10EEEE00C46B53 /* Products */,
			);
			sourceTree = "<group>";
		};
		2D2D5A4B1B10EEEE00C46B53 /* Products */ = {
			isa = PBXGroup;
			children = (
				2D2D5A4A1B10EEEE00C46B53 /* Spectrum.app */,
			);
			name = Products;
			sourceTree = "<group>";
		};
		2D2D5A4C1B10EEEE00C46B53 /* Spectrum */ = {
			isa = PBXGroup;
			children = (
				2D2D5A971B16698000C46B53 /* UIColor+TSGColorPresets.h */,
				2D2D5A981B16698000C46B53 /* UIColor+TSGColorPresets.m */,
				2D2D5A7C1B10F8A200C46B53 /* CNLabel.h */,
				2D2D5A7D1B10F8A200C46B53 /* CNLabel.m */,
				2D2D5A741B10EFA500C46B53 /* Views */,
				2D2D5A731B10EF9F00C46B53 /* Controllers */,
				2D2D5A511B10EEEE00C46B53 /* AppDelegate.h */,
				2D2D5A521B10EEEE00C46B53 /* AppDelegate.m */,
				2D2D5A5A1B10EEEE00C46B53 /* Images.xcassets */,
				2D2D5A5C1B10EEEE00C46B53 /* LaunchScreen.xib */,
				2D2D5A4D1B10EEEE00C46B53 /* Supporting Files */,
			);
			path = Spectrum;
			sourceTree = "<group>";
		};
		2D2D5A4D1B10EEEE00C46B53 /* Supporting Files */ = {
			isa = PBXGroup;
			children = (
				2D2D5A4E1B10EEEE00C46B53 /* Info.plist */,
				2D2D5A4F1B10EEEE00C46B53 /* main.m */,
			);
			name = "Supporting Files";
			sourceTree = "<group>";
		};
		2D2D5A731B10EF9F00C46B53 /* Controllers */ = {
			isa = PBXGroup;
			children = (
				2D2D5A541B10EEEE00C46B53 /* TSGHomeViewController.h */,
				2D2D5A551B10EEEE00C46B53 /* TSGHomeViewController.m */,
				2D2D5A881B13900700C46B53 /* TSGInstructionViewController.h */,
				2D2D5A891B13900700C46B53 /* TSGInstructionViewController.m */,
				2D2D5A8E1B14E98400C46B53 /* TSGResultsViewController.h */,
				2D2D5A8F1B14E98400C46B53 /* TSGResultsViewController.m */,
				2D2D5A941B16378900C46B53 /* TSGStatsViewController.h */,
				2D2D5A951B16378900C46B53 /* TSGStatsViewController.m */,
			);
			name = Controllers;
			sourceTree = "<group>";
		};
		2D2D5A741B10EFA500C46B53 /* Views */ = {
			isa = PBXGroup;
			children = (
				2D2D5A791B10F20E00C46B53 /* TSGHomeView.h */,
				2D2D5A7A1B10F20E00C46B53 /* TSGHomeView.m */,
				2D2D5A7F1B1104C300C46B53 /* TSGTouchableView.h */,
				2D2D5A801B1104C300C46B53 /* TSGTouchableView.m */,
				2D2D5A821B11150500C46B53 /* TSGColorView.h */,
				2D2D5A831B11150500C46B53 /* TSGColorView.m */,
				2D2D5A851B136ADC00C46B53 /* TSGInstructionView.h */,
				2D2D5A861B136ADC00C46B53 /* TSGInstructionView.m */,
				2D2D5A8B1B13A87100C46B53 /* TSGResultsView.h */,
				2D2D5A8C1B13A87100C46B53 /* TSGResultsView.m */,
				2D2D5A911B1634B600C46B53 /* TSGStatsView.h */,
				2D2D5A921B1634B600C46B53 /* TSGStatsView.m */,
			);
			name = Views;
			sourceTree = "<group>";
		};
/* End PBXGroup section */

/* Begin PBXNativeTarget section */
		2D2D5A491B10EEEE00C46B53 /* Spectrum */ = {
			isa = PBXNativeTarget;
			buildConfigurationList = 2D2D5A6D1B10EEEE00C46B53 /* Build configuration list for PBXNativeTarget "Spectrum" */;
			buildPhases = (
				2D2D5A461B10EEEE00C46B53 /* Sources */,
				2D2D5A471B10EEEE00C46B53 /* Frameworks */,
				2D2D5A481B10EEEE00C46B53 /* Resources */,
			);
			buildRules = (
			);
			dependencies = (
			);
			name = Spectrum;
			productName = Spectrum;
			productReference = 2D2D5A4A1B10EEEE00C46B53 /* Spectrum.app */;
			productType = "com.apple.product-type.application";
		};
/* End PBXNativeTarget section */

/* Begin PBXProject section */
		2D2D5A421B10EEEE00C46B53 /* Project object */ = {
			isa = PBXProject;
			attributes = {
				LastUpgradeCheck = 0630;
				ORGANIZATIONNAME = connorneville;
				TargetAttributes = {
					2D2D5A491B10EEEE00C46B53 = {
						CreatedOnToolsVersion = 6.3.2;
					};
				};
			};
			buildConfigurationList = 2D2D5A451B10EEEE00C46B53 /* Build configuration list for PBXProject "Spectrum" */;
			compatibilityVersion = "Xcode 3.2";
			developmentRegion = English;
			hasScannedForEncodings = 0;
			knownRegions = (
				en,
				Base,
			);
			mainGroup = 2D2D5A411B10EEEE00C46B53;
			productRefGroup = 2D2D5A4B1B10EEEE00C46B53 /* Products */;
			projectDirPath = "";
			projectRoot = "";
			targets = (
				2D2D5A491B10EEEE00C46B53 /* Spectrum */,
			);
		};
/* End PBXProject section */

/* Begin PBXResourcesBuildPhase section */
		2D2D5A481B10EEEE00C46B53 /* Resources */ = {
			isa = PBXResourcesBuildPhase;
			buildActionMask = 2147483647;
			files = (
				2D2D5A5E1B10EEEE00C46B53 /* LaunchScreen.xib in Resources */,
				2D2D5A771B10F02700C46B53 /* Objective-C.gitignore in Resources */,
				2D2D5A5B1B10EEEE00C46B53 /* Images.xcassets in Resources */,
			);
			runOnlyForDeploymentPostprocessing = 0;
		};
/* End PBXResourcesBuildPhase section */

/* Begin PBXSourcesBuildPhase section */
		2D2D5A461B10EEEE00C46B53 /* Sources */ = {
			isa = PBXSourcesBuildPhase;
			buildActionMask = 2147483647;
			files = (
				2D2D5A561B10EEEE00C46B53 /* TSGHomeViewController.m in Sources */,
				2D2D5A531B10EEEE00C46B53 /* AppDelegate.m in Sources */,
				2D2D5A871B136ADC00C46B53 /* TSGInstructionView.m in Sources */,
				2D2D5A501B10EEEE00C46B53 /* main.m in Sources */,
				2D2D5A8D1B13A87100C46B53 /* TSGResultsView.m in Sources */,
				2D2D5A991B16698000C46B53 /* UIColor+TSGColorPresets.m in Sources */,
				2D2D5A961B16378900C46B53 /* TSGStatsViewController.m in Sources */,
				2D2D5A931B1634B600C46B53 /* TSGStatsView.m in Sources */,
				2D2D5A8A1B13900700C46B53 /* TSGInstructionViewController.m in Sources */,
				2D2D5A811B1104C300C46B53 /* TSGTouchableView.m in Sources */,
				2D2D5A901B14E98400C46B53 /* TSGResultsViewController.m in Sources */,
				2D2D5A841B11150500C46B53 /* TSGColorView.m in Sources */,
				2D2D5A7E1B10F8A200C46B53 /* CNLabel.m in Sources */,
				2D2D5A7B1B10F20E00C46B53 /* TSGHomeView.m in Sources */,
			);
			runOnlyForDeploymentPostprocessing = 0;
		};
/* End PBXSourcesBuildPhase section */

/* Begin PBXVariantGroup section */
		2D2D5A5C1B10EEEE00C46B53 /* LaunchScreen.xib */ = {
			isa = PBXVariantGroup;
			children = (
				2D2D5A5D1B10EEEE00C46B53 /* Base */,
			);
			name = LaunchScreen.xib;
			sourceTree = "<group>";
		};
/* End PBXVariantGroup section */

/* Begin XCBuildConfiguration section */
		2D2D5A6B1B10EEEE00C46B53 /* Debug */ = {
			isa = XCBuildConfiguration;
			buildSettings = {
				ALWAYS_SEARCH_USER_PATHS = NO;
				CLANG_CXX_LANGUAGE_STANDARD = "gnu++0x";
				CLANG_CXX_LIBRARY = "libc++";
				CLANG_ENABLE_MODULES = YES;
				CLANG_ENABLE_OBJC_ARC = YES;
				CLANG_WARN_BOOL_CONVERSION = YES;
				CLANG_WARN_CONSTANT_CONVERSION = YES;
				CLANG_WARN_DIRECT_OBJC_ISA_USAGE = YES_ERROR;
				CLANG_WARN_EMPTY_BODY = YES;
				CLANG_WARN_ENUM_CONVERSION = YES;
				CLANG_WARN_INT_CONVERSION = YES;
				CLANG_WARN_OBJC_ROOT_CLASS = YES_ERROR;
				CLANG_WARN_UNREACHABLE_CODE = YES;
				CLANG_WARN__DUPLICATE_METHOD_MATCH = YES;
				"CODE_SIGN_IDENTITY[sdk=iphoneos*]" = "iPhone Developer";
				COPY_PHASE_STRIP = NO;
				DEBUG_INFORMATION_FORMAT = "dwarf-with-dsym";
				ENABLE_STRICT_OBJC_MSGSEND = YES;
				GCC_C_LANGUAGE_STANDARD = gnu99;
				GCC_DYNAMIC_NO_PIC = NO;
				GCC_NO_COMMON_BLOCKS = YES;
				GCC_OPTIMIZATION_LEVEL = 0;
				GCC_PREPROCESSOR_DEFINITIONS = (
					"DEBUG=1",
					"$(inherited)",
				);
				GCC_SYMBOLS_PRIVATE_EXTERN = NO;
				GCC_WARN_64_TO_32_BIT_CONVERSION = YES;
				GCC_WARN_ABOUT_RETURN_TYPE = YES_ERROR;
				GCC_WARN_UNDECLARED_SELECTOR = YES;
				GCC_WARN_UNINITIALIZED_AUTOS = YES_AGGRESSIVE;
				GCC_WARN_UNUSED_FUNCTION = YES;
				GCC_WARN_UNUSED_VARIABLE = YES;
				IPHONEOS_DEPLOYMENT_TARGET = 8.3;
				MTL_ENABLE_DEBUG_INFO = YES;
				ONLY_ACTIVE_ARCH = YES;
				SDKROOT = iphoneos;
			};
			name = Debug;
		};
		2D2D5A6C1B10EEEE00C46B53 /* Release */ = {
			isa = XCBuildConfiguration;
			buildSettings = {
				ALWAYS_SEARCH_USER_PATHS = NO;
				CLANG_CXX_LANGUAGE_STANDARD = "gnu++0x";
				CLANG_CXX_LIBRARY = "libc++";
				CLANG_ENABLE_MODULES = YES;
				CLANG_ENABLE_OBJC_ARC = YES;
				CLANG_WARN_BOOL_CONVERSION = YES;
				CLANG_WARN_CONSTANT_CONVERSION = YES;
				CLANG_WARN_DIRECT_OBJC_ISA_USAGE = YES_ERROR;
				CLANG_WARN_EMPTY_BODY = YES;
				CLANG_WARN_ENUM_CONVERSION = YES;
				CLANG_WARN_INT_CONVERSION = YES;
				CLANG_WARN_OBJC_ROOT_CLASS = YES_ERROR;
				CLANG_WARN_UNREACHABLE_CODE = YES;
				CLANG_WARN__DUPLICATE_METHOD_MATCH = YES;
				"CODE_SIGN_IDENTITY[sdk=iphoneos*]" = "iPhone Developer";
				COPY_PHASE_STRIP = NO;
				DEBUG_INFORMATION_FORMAT = "dwarf-with-dsym";
				ENABLE_NS_ASSERTIONS = NO;
				ENABLE_STRICT_OBJC_MSGSEND = YES;
				GCC_C_LANGUAGE_STANDARD = gnu99;
				GCC_NO_COMMON_BLOCKS = YES;
				GCC_WARN_64_TO_32_BIT_CONVERSION = YES;
				GCC_WARN_ABOUT_RETURN_TYPE = YES_ERROR;
				GCC_WARN_UNDECLARED_SELECTOR = YES;
				GCC_WARN_UNINITIALIZED_AUTOS = YES_AGGRESSIVE;
				GCC_WARN_UNUSED_FUNCTION = YES;
				GCC_WARN_UNUSED_VARIABLE = YES;
				IPHONEOS_DEPLOYMENT_TARGET = 8.3;
				MTL_ENABLE_DEBUG_INFO = NO;
				SDKROOT = iphoneos;
				VALIDATE_PRODUCT = YES;
			};
			name = Release;
		};
		2D2D5A6E1B10EEEE00C46B53 /* Debug */ = {
			isa = XCBuildConfiguration;
			buildSettings = {
				ASSETCATALOG_COMPILER_APPICON_NAME = AppIcon;
				INFOPLIST_FILE = Spectrum/Info.plist;
				LD_RUNPATH_SEARCH_PATHS = "$(inherited) @executable_path/Frameworks";
				PRODUCT_NAME = "$(TARGET_NAME)";
			};
			name = Debug;
		};
		2D2D5A6F1B10EEEE00C46B53 /* Release */ = {
			isa = XCBuildConfiguration;
			buildSettings = {
				ASSETCATALOG_COMPILER_APPICON_NAME = AppIcon;
				INFOPLIST_FILE = Spectrum/Info.plist;
				LD_RUNPATH_SEARCH_PATHS = "$(inherited) @executable_path/Frameworks";
				PRODUCT_NAME = "$(TARGET_NAME)";
			};
			name = Release;
		};
/* End XCBuildConfiguration section */

/* Begin XCConfigurationList section */
		2D2D5A451B10EEEE00C46B53 /* Build configuration list for PBXProject "Spectrum" */ = {
			isa = XCConfigurationList;
			buildConfigurations = (
				2D2D5A6B1B10EEEE00C46B53 /* Debug */,
				2D2D5A6C1B10EEEE00C46B53 /* Release */,
			);
			defaultConfigurationIsVisible = 0;
			defaultConfigurationName = Release;
		};
		2D2D5A6D1B10EEEE00C46B53 /* Build configuration list for PBXNativeTarget "Spectrum" */ = {
			isa = XCConfigurationList;
			buildConfigurations = (
				2D2D5A6E1B10EEEE00C46B53 /* Debug */,
				2D2D5A6F1B10EEEE00C46B53 /* Release */,
			);
			defaultConfigurationIsVisible = 0;
			defaultConfigurationName = Release;
		};
/* End XCConfigurationList section */
	};
	rootObject = 2D2D5A421B10EEEE00C46B53 /* Project object */;
}
